
Microsoft Visual Studio Solution File, Format Version 12.00
# Visual Studio Version 16
VisualStudioVersion = 16.0.31702.278
MinimumVisualStudioVersion = 10.0.40219.1
Project("{FAE04EC0-301F-11D3-BF4B-00C04F79EFBC}") = "project_dataStructure_24453_Thibaut_Nurit", "project_dataStructure_24453_Thibaut_Nurit.csproj", "{E469D7A6-DEE7-47A4-8F32-5598C3393DF0}"
EndProject
Global
	GlobalSection(SolutionConfigurationPlatforms) = preSolution
		Debug|Any CPU = Debug|Any CPU
		Release|Any CPU = Release|Any CPU
	EndGlobalSection
	GlobalSection(ProjectConfigurationPlatforms) = postSolution
		{E469D7A6-DEE7-47A4-8F32-5598C3393DF0}.Debug|Any CPU.ActiveCfg = Debug|Any CPU
		{E469D7A6-DEE7-47A4-8F32-5598C3393DF0}.Debug|Any CPU.Build.0 = Debug|Any CPU
		{E469D7A6-DEE7-47A4-8F32-5598C3393DF0}.Release|Any CPU.ActiveCfg = Release|Any CPU
		{E469D7A6-DEE7-47A4-8F32-5598C3393DF0}.Release|Any CPU.Build.0 = Release|Any CPU
	EndGlobalSection
	GlobalSection(SolutionProperties) = preSolution
		HideSolutionNode = FALSE
	EndGlobalSection
	GlobalSection(ExtensibilityGlobals) = postSolution
		SolutionGuid = {802E99CD-9CBB-48E6-8DA9-984C9F245242}
	EndGlobalSection
EndGlobal
